// !$*UTF8*$!
{
	archiveVersion = 1;
	classes = {
	};
	objectVersion = 50;
	objects = {

/* Begin PBXBuildFile section */
		FC5192E3240BCA9E00CE8B68 /* UserInfoViewModel.swift in Sources */ = {isa = PBXBuildFile; fileRef = FC5192E2240BCA9E00CE8B68 /* UserInfoViewModel.swift */; };
		FC5192E5240BCABF00CE8B68 /* PostPageProtocol.swift in Sources */ = {isa = PBXBuildFile; fileRef = FC5192E4240BCABF00CE8B68 /* PostPageProtocol.swift */; };
		FC5192E7240BCAE100CE8B68 /* StoryViewModel.swift in Sources */ = {isa = PBXBuildFile; fileRef = FC5192E6240BCAE100CE8B68 /* StoryViewModel.swift */; };
		FC5192E9240BCC2000CE8B68 /* PostTextViewModel.swift in Sources */ = {isa = PBXBuildFile; fileRef = FC5192E8240BCC2000CE8B68 /* PostTextViewModel.swift */; };
		FC5192EB240BCC4900CE8B68 /* Post.swift in Sources */ = {isa = PBXBuildFile; fileRef = FC5192EA240BCC4900CE8B68 /* Post.swift */; };
		FC5192ED240BD35100CE8B68 /* ActionViewModel.swift in Sources */ = {isa = PBXBuildFile; fileRef = FC5192EC240BD35100CE8B68 /* ActionViewModel.swift */; };
		FC5192F3240BD68B00CE8B68 /* ActionTableViewCell.swift in Sources */ = {isa = PBXBuildFile; fileRef = FC5192F1240BD68B00CE8B68 /* ActionTableViewCell.swift */; };
		FC5192F4240BD68B00CE8B68 /* ActionTableViewCell.xib in Resources */ = {isa = PBXBuildFile; fileRef = FC5192F2240BD68B00CE8B68 /* ActionTableViewCell.xib */; };
		FC5192F7240BD6A900CE8B68 /* PostTextTableViewCell.swift in Sources */ = {isa = PBXBuildFile; fileRef = FC5192F5240BD6A900CE8B68 /* PostTextTableViewCell.swift */; };
		FC5192F8240BD6A900CE8B68 /* PostTextTableViewCell.xib in Resources */ = {isa = PBXBuildFile; fileRef = FC5192F6240BD6A900CE8B68 /* PostTextTableViewCell.xib */; };
		FC5192FA240BF55C00CE8B68 /* stories.json in Resources */ = {isa = PBXBuildFile; fileRef = FC5192F9240BF55C00CE8B68 /* stories.json */; };
		FC5192FE240C03FB00CE8B68 /* posts.json in Resources */ = {isa = PBXBuildFile; fileRef = FC5192FD240C03FB00CE8B68 /* posts.json */; };
		FC519300240C0B7C00CE8B68 /* Stories.swift in Sources */ = {isa = PBXBuildFile; fileRef = FC5192FF240C0B7C00CE8B68 /* Stories.swift */; };
		FC519302240C11AD00CE8B68 /* Posts.swift in Sources */ = {isa = PBXBuildFile; fileRef = FC519301240C11AD00CE8B68 /* Posts.swift */; };
		FC951E10240603BC00665361 /* AppDelegate.swift in Sources */ = {isa = PBXBuildFile; fileRef = FC951E0F240603BC00665361 /* AppDelegate.swift */; };
		FC951E12240603BC00665361 /* SceneDelegate.swift in Sources */ = {isa = PBXBuildFile; fileRef = FC951E11240603BC00665361 /* SceneDelegate.swift */; };
		FC951E14240603BC00665361 /* ViewController.swift in Sources */ = {isa = PBXBuildFile; fileRef = FC951E13240603BC00665361 /* ViewController.swift */; };
		FC951E17240603BC00665361 /* Main.storyboard in Resources */ = {isa = PBXBuildFile; fileRef = FC951E15240603BC00665361 /* Main.storyboard */; };
		FC951E19240603BD00665361 /* Assets.xcassets in Resources */ = {isa = PBXBuildFile; fileRef = FC951E18240603BD00665361 /* Assets.xcassets */; };
		FC951E1C240603BD00665361 /* LaunchScreen.storyboard in Resources */ = {isa = PBXBuildFile; fileRef = FC951E1A240603BD00665361 /* LaunchScreen.storyboard */; };
		FC9E4F862406ACF900CDE36F /* StoriesTableViewCell.swift in Sources */ = {isa = PBXBuildFile; fileRef = FC9E4F842406ACF900CDE36F /* StoriesTableViewCell.swift */; };
		FC9E4F872406ACF900CDE36F /* StoriesTableViewCell.xib in Resources */ = {isa = PBXBuildFile; fileRef = FC9E4F852406ACF900CDE36F /* StoriesTableViewCell.xib */; };
		FC9E4F8924074D7D00CDE36F /* HomePageTableViewController.swift in Sources */ = {isa = PBXBuildFile; fileRef = FC9E4F8824074D7D00CDE36F /* HomePageTableViewController.swift */; };
		FCA2C21E240A26970025A431 /* SearchPageTableViewController.swift in Sources */ = {isa = PBXBuildFile; fileRef = FCA2C21D240A26970025A431 /* SearchPageTableViewController.swift */; };
		FCA2C221240A38B80025A431 /* FavoriteTableViewController.swift in Sources */ = {isa = PBXBuildFile; fileRef = FCA2C220240A38B80025A431 /* FavoriteTableViewController.swift */; };
		FCA2C224240A39810025A431 /* NewPostPageTableViewController.swift in Sources */ = {isa = PBXBuildFile; fileRef = FCA2C223240A39810025A431 /* NewPostPageTableViewController.swift */; };
		FCA2C227240A39B00025A431 /* UserInfoPageTableViewController.swift in Sources */ = {isa = PBXBuildFile; fileRef = FCA2C226240A39B00025A431 /* UserInfoPageTableViewController.swift */; };
		FCFF03E6240810E1008D88E8 /* StoriesCollectionViewCell.swift in Sources */ = {isa = PBXBuildFile; fileRef = FCFF03E4240810E1008D88E8 /* StoriesCollectionViewCell.swift */; };
		FCFF03E7240810E1008D88E8 /* StoriesCollectionViewCell.xib in Resources */ = {isa = PBXBuildFile; fileRef = FCFF03E5240810E1008D88E8 /* StoriesCollectionViewCell.xib */; };
		FCFF03EC24089A06008D88E8 /* PostImagesTableViewCell.swift in Sources */ = {isa = PBXBuildFile; fileRef = FCFF03EA24089A06008D88E8 /* PostImagesTableViewCell.swift */; };
		FCFF03ED24089A06008D88E8 /* PostImagesTableViewCell.xib in Resources */ = {isa = PBXBuildFile; fileRef = FCFF03EB24089A06008D88E8 /* PostImagesTableViewCell.xib */; };
		FCFF03F024089AB5008D88E8 /* UIColor+Ext.swift in Sources */ = {isa = PBXBuildFile; fileRef = FCFF03EF24089AB5008D88E8 /* UIColor+Ext.swift */; };
		FCFF03F42408E20C008D88E8 /* UserInfoTableViewCell.swift in Sources */ = {isa = PBXBuildFile; fileRef = FCFF03F22408E20C008D88E8 /* UserInfoTableViewCell.swift */; };
		FCFF03F52408E20C008D88E8 /* UserInfoTableViewCell.xib in Resources */ = {isa = PBXBuildFile; fileRef = FCFF03F32408E20C008D88E8 /* UserInfoTableViewCell.xib */; };
		FCFF03FA24092083008D88E8 /* User.swift in Sources */ = {isa = PBXBuildFile; fileRef = FCFF03F924092083008D88E8 /* User.swift */; };
		FCFF03FF2409225A008D88E8 /* Database.swift in Sources */ = {isa = PBXBuildFile; fileRef = FCFF03FE2409225A008D88E8 /* Database.swift */; };
		FCFF040224092346008D88E8 /* PostImageViewModel.swift in Sources */ = {isa = PBXBuildFile; fileRef = FCFF040124092346008D88E8 /* PostImageViewModel.swift */; };
		FCFF0404240925D1008D88E8 /* Story.swift in Sources */ = {isa = PBXBuildFile; fileRef = FCFF0403240925D1008D88E8 /* Story.swift */; };
/* End PBXBuildFile section */

/* Begin PBXFileReference section */
		FC5192E2240BCA9E00CE8B68 /* UserInfoViewModel.swift */ = {isa = PBXFileReference; lastKnownFileType = sourcecode.swift; path = UserInfoViewModel.swift; sourceTree = "<group>"; };
		FC5192E4240BCABF00CE8B68 /* PostPageProtocol.swift */ = {isa = PBXFileReference; lastKnownFileType = sourcecode.swift; path = PostPageProtocol.swift; sourceTree = "<group>"; };
		FC5192E6240BCAE100CE8B68 /* StoryViewModel.swift */ = {isa = PBXFileReference; lastKnownFileType = sourcecode.swift; path = StoryViewModel.swift; sourceTree = "<group>"; };
		FC5192E8240BCC2000CE8B68 /* PostTextViewModel.swift */ = {isa = PBXFileReference; lastKnownFileType = sourcecode.swift; path = PostTextViewModel.swift; sourceTree = "<group>"; };
		FC5192EA240BCC4900CE8B68 /* Post.swift */ = {isa = PBXFileReference; lastKnownFileType = sourcecode.swift; path = Post.swift; sourceTree = "<group>"; };
		FC5192EC240BD35100CE8B68 /* ActionViewModel.swift */ = {isa = PBXFileReference; lastKnownFileType = sourcecode.swift; path = ActionViewModel.swift; sourceTree = "<group>"; };
		FC5192F1240BD68B00CE8B68 /* ActionTableViewCell.swift */ = {isa = PBXFileReference; lastKnownFileType = sourcecode.swift; path = ActionTableViewCell.swift; sourceTree = "<group>"; };
		FC5192F2240BD68B00CE8B68 /* ActionTableViewCell.xib */ = {isa = PBXFileReference; lastKnownFileType = file.xib; path = ActionTableViewCell.xib; sourceTree = "<group>"; };
		FC5192F5240BD6A900CE8B68 /* PostTextTableViewCell.swift */ = {isa = PBXFileReference; lastKnownFileType = sourcecode.swift; path = PostTextTableViewCell.swift; sourceTree = "<group>"; };
		FC5192F6240BD6A900CE8B68 /* PostTextTableViewCell.xib */ = {isa = PBXFileReference; lastKnownFileType = file.xib; path = PostTextTableViewCell.xib; sourceTree = "<group>"; };
		FC5192F9240BF55C00CE8B68 /* stories.json */ = {isa = PBXFileReference; lastKnownFileType = text.json; path = stories.json; sourceTree = "<group>"; xcLanguageSpecificationIdentifier = xcode.lang.json; };
		FC5192FD240C03FB00CE8B68 /* posts.json */ = {isa = PBXFileReference; lastKnownFileType = text.json; path = posts.json; sourceTree = "<group>"; };
		FC5192FF240C0B7C00CE8B68 /* Stories.swift */ = {isa = PBXFileReference; lastKnownFileType = sourcecode.swift; path = Stories.swift; sourceTree = "<group>"; };
		FC519301240C11AD00CE8B68 /* Posts.swift */ = {isa = PBXFileReference; lastKnownFileType = sourcecode.swift; path = Posts.swift; sourceTree = "<group>"; };
		FC951E0C240603BC00665361 /* FakeInstagram.app */ = {isa = PBXFileReference; explicitFileType = wrapper.application; includeInIndex = 0; path = FakeInstagram.app; sourceTree = BUILT_PRODUCTS_DIR; };
		FC951E0F240603BC00665361 /* AppDelegate.swift */ = {isa = PBXFileReference; lastKnownFileType = sourcecode.swift; path = AppDelegate.swift; sourceTree = "<group>"; };
		FC951E11240603BC00665361 /* SceneDelegate.swift */ = {isa = PBXFileReference; lastKnownFileType = sourcecode.swift; path = SceneDelegate.swift; sourceTree = "<group>"; };
		FC951E13240603BC00665361 /* ViewController.swift */ = {isa = PBXFileReference; lastKnownFileType = sourcecode.swift; path = ViewController.swift; sourceTree = "<group>"; };
		FC951E16240603BC00665361 /* Base */ = {isa = PBXFileReference; lastKnownFileType = file.storyboard; name = Base; path = Base.lproj/Main.storyboard; sourceTree = "<group>"; };
		FC951E18240603BD00665361 /* Assets.xcassets */ = {isa = PBXFileReference; lastKnownFileType = folder.assetcatalog; path = Assets.xcassets; sourceTree = "<group>"; };
		FC951E1B240603BD00665361 /* Base */ = {isa = PBXFileReference; lastKnownFileType = file.storyboard; name = Base; path = Base.lproj/LaunchScreen.storyboard; sourceTree = "<group>"; };
		FC951E1D240603BD00665361 /* Info.plist */ = {isa = PBXFileReference; lastKnownFileType = text.plist.xml; path = Info.plist; sourceTree = "<group>"; };
		FC9E4F842406ACF900CDE36F /* StoriesTableViewCell.swift */ = {isa = PBXFileReference; lastKnownFileType = sourcecode.swift; path = StoriesTableViewCell.swift; sourceTree = "<group>"; };
		FC9E4F852406ACF900CDE36F /* StoriesTableViewCell.xib */ = {isa = PBXFileReference; lastKnownFileType = file.xib; path = StoriesTableViewCell.xib; sourceTree = "<group>"; };
		FC9E4F8824074D7D00CDE36F /* HomePageTableViewController.swift */ = {isa = PBXFileReference; lastKnownFileType = sourcecode.swift; path = HomePageTableViewController.swift; sourceTree = "<group>"; };
		FCA2C21D240A26970025A431 /* SearchPageTableViewController.swift */ = {isa = PBXFileReference; lastKnownFileType = sourcecode.swift; path = SearchPageTableViewController.swift; sourceTree = "<group>"; };
		FCA2C220240A38B80025A431 /* FavoriteTableViewController.swift */ = {isa = PBXFileReference; lastKnownFileType = sourcecode.swift; path = FavoriteTableViewController.swift; sourceTree = "<group>"; };
		FCA2C223240A39810025A431 /* NewPostPageTableViewController.swift */ = {isa = PBXFileReference; lastKnownFileType = sourcecode.swift; path = NewPostPageTableViewController.swift; sourceTree = "<group>"; };
		FCA2C226240A39B00025A431 /* UserInfoPageTableViewController.swift */ = {isa = PBXFileReference; lastKnownFileType = sourcecode.swift; path = UserInfoPageTableViewController.swift; sourceTree = "<group>"; };
		FCFF03E4240810E1008D88E8 /* StoriesCollectionViewCell.swift */ = {isa = PBXFileReference; lastKnownFileType = sourcecode.swift; path = StoriesCollectionViewCell.swift; sourceTree = "<group>"; };
		FCFF03E5240810E1008D88E8 /* StoriesCollectionViewCell.xib */ = {isa = PBXFileReference; lastKnownFileType = file.xib; path = StoriesCollectionViewCell.xib; sourceTree = "<group>"; };
		FCFF03EA24089A06008D88E8 /* PostImagesTableViewCell.swift */ = {isa = PBXFileReference; lastKnownFileType = sourcecode.swift; path = PostImagesTableViewCell.swift; sourceTree = "<group>"; };
		FCFF03EB24089A06008D88E8 /* PostImagesTableViewCell.xib */ = {isa = PBXFileReference; lastKnownFileType = file.xib; path = PostImagesTableViewCell.xib; sourceTree = "<group>"; };
		FCFF03EF24089AB5008D88E8 /* UIColor+Ext.swift */ = {isa = PBXFileReference; lastKnownFileType = sourcecode.swift; path = "UIColor+Ext.swift"; sourceTree = "<group>"; };
		FCFF03F22408E20C008D88E8 /* UserInfoTableViewCell.swift */ = {isa = PBXFileReference; lastKnownFileType = sourcecode.swift; path = UserInfoTableViewCell.swift; sourceTree = "<group>"; };
		FCFF03F32408E20C008D88E8 /* UserInfoTableViewCell.xib */ = {isa = PBXFileReference; lastKnownFileType = file.xib; path = UserInfoTableViewCell.xib; sourceTree = "<group>"; };
		FCFF03F924092083008D88E8 /* User.swift */ = {isa = PBXFileReference; lastKnownFileType = sourcecode.swift; path = User.swift; sourceTree = "<group>"; };
		FCFF03FE2409225A008D88E8 /* Database.swift */ = {isa = PBXFileReference; lastKnownFileType = sourcecode.swift; path = Database.swift; sourceTree = "<group>"; };
		FCFF040124092346008D88E8 /* PostImageViewModel.swift */ = {isa = PBXFileReference; lastKnownFileType = sourcecode.swift; path = PostImageViewModel.swift; sourceTree = "<group>"; };
		FCFF0403240925D1008D88E8 /* Story.swift */ = {isa = PBXFileReference; lastKnownFileType = sourcecode.swift; path = Story.swift; sourceTree = "<group>"; };
/* End PBXFileReference section */

/* Begin PBXFrameworksBuildPhase section */
		FC951E09240603BC00665361 /* Frameworks */ = {
			isa = PBXFrameworksBuildPhase;
			buildActionMask = 2147483647;
			files = (
			);
			runOnlyForDeploymentPostprocessing = 0;
		};
/* End PBXFrameworksBuildPhase section */

/* Begin PBXGroup section */
		FC5192EE240BD55C00CE8B68 /* Controller */ = {
			isa = PBXGroup;
			children = (
				FCA2C226240A39B00025A431 /* UserInfoPageTableViewController.swift */,
				FCA2C223240A39810025A431 /* NewPostPageTableViewController.swift */,
				FCA2C220240A38B80025A431 /* FavoriteTableViewController.swift */,
				FCA2C21D240A26970025A431 /* SearchPageTableViewController.swift */,
				FC9E4F8824074D7D00CDE36F /* HomePageTableViewController.swift */,
			);
			path = Controller;
			sourceTree = "<group>";
		};
		FC5192EF240BD58400CE8B68 /* ActionCell */ = {
			isa = PBXGroup;
			children = (
				FC5192F1240BD68B00CE8B68 /* ActionTableViewCell.swift */,
				FC5192F2240BD68B00CE8B68 /* ActionTableViewCell.xib */,
			);
			path = ActionCell;
			sourceTree = "<group>";
		};
		FC5192F0240BD59500CE8B68 /* PostTextCell */ = {
			isa = PBXGroup;
			children = (
				FC5192F5240BD6A900CE8B68 /* PostTextTableViewCell.swift */,
				FC5192F6240BD6A900CE8B68 /* PostTextTableViewCell.xib */,
			);
			path = PostTextCell;
			sourceTree = "<group>";
		};
		FC951E03240603BC00665361 = {
			isa = PBXGroup;
			children = (
				FC951E0E240603BC00665361 /* FakeInstagram */,
				FC951E0D240603BC00665361 /* Products */,
			);
			sourceTree = "<group>";
		};
		FC951E0D240603BC00665361 /* Products */ = {
			isa = PBXGroup;
			children = (
				FC951E0C240603BC00665361 /* FakeInstagram.app */,
			);
			name = Products;
			sourceTree = "<group>";
		};
		FC951E0E240603BC00665361 /* FakeInstagram */ = {
			isa = PBXGroup;
			children = (
				FC5192EE240BD55C00CE8B68 /* Controller */,
				FCFF04002409232F008D88E8 /* ViewModel */,
				FCFF03FD24092239008D88E8 /* DataBase */,
				FCFF03F62409202C008D88E8 /* Model */,
				FCFF03EE24089A98008D88E8 /* Extension */,
				FC9E4F8A2407505E00CDE36F /* View */,
				FC951E0F240603BC00665361 /* AppDelegate.swift */,
				FC951E11240603BC00665361 /* SceneDelegate.swift */,
				FC951E15240603BC00665361 /* Main.storyboard */,
				FC951E13240603BC00665361 /* ViewController.swift */,
				FC951E18240603BD00665361 /* Assets.xcassets */,
				FC951E1A240603BD00665361 /* LaunchScreen.storyboard */,
				FC951E1D240603BD00665361 /* Info.plist */,
			);
			path = FakeInstagram;
			sourceTree = "<group>";
		};
		FC9E4F8A2407505E00CDE36F /* View */ = {
			isa = PBXGroup;
			children = (
				FC5192F0240BD59500CE8B68 /* PostTextCell */,
				FC5192EF240BD58400CE8B68 /* ActionCell */,
				FCFF03F12408E1F3008D88E8 /* UserInfoCell */,
				FCFF03E924089994008D88E8 /* PostImagesCell */,
				FCFF03E82408991C008D88E8 /* StoriesCell */,
			);
			path = View;
			sourceTree = "<group>";
		};
		FCFF03E82408991C008D88E8 /* StoriesCell */ = {
			isa = PBXGroup;
			children = (
				FC9E4F842406ACF900CDE36F /* StoriesTableViewCell.swift */,
				FC9E4F852406ACF900CDE36F /* StoriesTableViewCell.xib */,
				FCFF03E4240810E1008D88E8 /* StoriesCollectionViewCell.swift */,
				FCFF03E5240810E1008D88E8 /* StoriesCollectionViewCell.xib */,
			);
			path = StoriesCell;
			sourceTree = "<group>";
		};
		FCFF03E924089994008D88E8 /* PostImagesCell */ = {
			isa = PBXGroup;
			children = (
				FCFF03EA24089A06008D88E8 /* PostImagesTableViewCell.swift */,
				FCFF03EB24089A06008D88E8 /* PostImagesTableViewCell.xib */,
			);
			path = PostImagesCell;
			sourceTree = "<group>";
		};
		FCFF03EE24089A98008D88E8 /* Extension */ = {
			isa = PBXGroup;
			children = (
				FCFF03EF24089AB5008D88E8 /* UIColor+Ext.swift */,
			);
			path = Extension;
			sourceTree = "<group>";
		};
		FCFF03F12408E1F3008D88E8 /* UserInfoCell */ = {
			isa = PBXGroup;
			children = (
				FCFF03F22408E20C008D88E8 /* UserInfoTableViewCell.swift */,
				FCFF03F32408E20C008D88E8 /* UserInfoTableViewCell.xib */,
			);
			path = UserInfoCell;
			sourceTree = "<group>";
		};
		FCFF03F62409202C008D88E8 /* Model */ = {
			isa = PBXGroup;
			children = (
				FCFF03F924092083008D88E8 /* User.swift */,
				FCFF0403240925D1008D88E8 /* Story.swift */,
				FC5192EA240BCC4900CE8B68 /* Post.swift */,
				FC5192FF240C0B7C00CE8B68 /* Stories.swift */,
				FC519301240C11AD00CE8B68 /* Posts.swift */,
			);
			path = Model;
			sourceTree = "<group>";
		};
		FCFF03FD24092239008D88E8 /* DataBase */ = {
			isa = PBXGroup;
			children = (
				FCFF03FE2409225A008D88E8 /* Database.swift */,
				FC5192F9240BF55C00CE8B68 /* stories.json */,
				FC5192FD240C03FB00CE8B68 /* posts.json */,
			);
			path = DataBase;
			sourceTree = "<group>";
		};
		FCFF04002409232F008D88E8 /* ViewModel */ = {
			isa = PBXGroup;
			children = (
				FCFF040124092346008D88E8 /* PostImageViewModel.swift */,
				FC5192E2240BCA9E00CE8B68 /* UserInfoViewModel.swift */,
				FC5192E4240BCABF00CE8B68 /* PostPageProtocol.swift */,
				FC5192E6240BCAE100CE8B68 /* StoryViewModel.swift */,
				FC5192E8240BCC2000CE8B68 /* PostTextViewModel.swift */,
				FC5192EC240BD35100CE8B68 /* ActionViewModel.swift */,
			);
			path = ViewModel;
			sourceTree = "<group>";
		};
/* End PBXGroup section */

/* Begin PBXNativeTarget section */
		FC951E0B240603BC00665361 /* FakeInstagram */ = {
			isa = PBXNativeTarget;
			buildConfigurationList = FC951E20240603BD00665361 /* Build configuration list for PBXNativeTarget "FakeInstagram" */;
			buildPhases = (
				FC951E08240603BC00665361 /* Sources */,
				FC951E09240603BC00665361 /* Frameworks */,
				FC951E0A240603BC00665361 /* Resources */,
			);
			buildRules = (
			);
			dependencies = (
			);
			name = FakeInstagram;
			productName = FakeInstagram;
			productReference = FC951E0C240603BC00665361 /* FakeInstagram.app */;
			productType = "com.apple.product-type.application";
		};
/* End PBXNativeTarget section */

/* Begin PBXProject section */
		FC951E04240603BC00665361 /* Project object */ = {
			isa = PBXProject;
			attributes = {
				LastSwiftUpdateCheck = 1120;
				LastUpgradeCheck = 1120;
				ORGANIZATIONNAME = "Bing Guo";
				TargetAttributes = {
					FC951E0B240603BC00665361 = {
						CreatedOnToolsVersion = 11.2.1;
					};
				};
			};
			buildConfigurationList = FC951E07240603BC00665361 /* Build configuration list for PBXProject "FakeInstagram" */;
			compatibilityVersion = "Xcode 9.3";
			developmentRegion = en;
			hasScannedForEncodings = 0;
			knownRegions = (
				en,
				Base,
			);
			mainGroup = FC951E03240603BC00665361;
			productRefGroup = FC951E0D240603BC00665361 /* Products */;
			projectDirPath = "";
			projectRoot = "";
			targets = (
				FC951E0B240603BC00665361 /* FakeInstagram */,
			);
		};
/* End PBXProject section */

/* Begin PBXResourcesBuildPhase section */
		FC951E0A240603BC00665361 /* Resources */ = {
			isa = PBXResourcesBuildPhase;
			buildActionMask = 2147483647;
			files = (
				FCFF03E7240810E1008D88E8 /* StoriesCollectionViewCell.xib in Resources */,
				FC5192F4240BD68B00CE8B68 /* ActionTableViewCell.xib in Resources */,
				FC5192FE240C03FB00CE8B68 /* posts.json in Resources */,
				FC9E4F872406ACF900CDE36F /* StoriesTableViewCell.xib in Resources */,
				FC5192FA240BF55C00CE8B68 /* stories.json in Resources */,
				FCFF03F52408E20C008D88E8 /* UserInfoTableViewCell.xib in Resources */,
				FC951E1C240603BD00665361 /* LaunchScreen.storyboard in Resources */,
				FCFF03ED24089A06008D88E8 /* PostImagesTableViewCell.xib in Resources */,
				FC951E19240603BD00665361 /* Assets.xcassets in Resources */,
				FC951E17240603BC00665361 /* Main.storyboard in Resources */,
				FC5192F8240BD6A900CE8B68 /* PostTextTableViewCell.xib in Resources */,
			);
			runOnlyForDeploymentPostprocessing = 0;
		};
/* End PBXResourcesBuildPhase section */

/* Begin PBXSourcesBuildPhase section */
		FC951E08240603BC00665361 /* Sources */ = {
			isa = PBXSourcesBuildPhase;
			buildActionMask = 2147483647;
			files = (
				FCFF03E6240810E1008D88E8 /* StoriesCollectionViewCell.swift in Sources */,
				FC519300240C0B7C00CE8B68 /* Stories.swift in Sources */,
				FC5192EB240BCC4900CE8B68 /* Post.swift in Sources */,
				FC9E4F862406ACF900CDE36F /* StoriesTableViewCell.swift in Sources */,
				FC951E14240603BC00665361 /* ViewController.swift in Sources */,
				FCA2C224240A39810025A431 /* NewPostPageTableViewController.swift in Sources */,
				FC5192F3240BD68B00CE8B68 /* ActionTableViewCell.swift in Sources */,
				FC519302240C11AD00CE8B68 /* Posts.swift in Sources */,
				FCFF03F42408E20C008D88E8 /* UserInfoTableViewCell.swift in Sources */,
				FC951E10240603BC00665361 /* AppDelegate.swift in Sources */,
				FC5192E5240BCABF00CE8B68 /* PostPageProtocol.swift in Sources */,
				FCA2C221240A38B80025A431 /* FavoriteTableViewController.swift in Sources */,
				FC5192E7240BCAE100CE8B68 /* StoryViewModel.swift in Sources */,
				FC951E12240603BC00665361 /* SceneDelegate.swift in Sources */,
				FCFF03FF2409225A008D88E8 /* Database.swift in Sources */,
				FCFF03F024089AB5008D88E8 /* UIColor+Ext.swift in Sources */,
				FCFF0404240925D1008D88E8 /* Story.swift in Sources */,
				FC5192E9240BCC2000CE8B68 /* PostTextViewModel.swift in Sources */,
				FC5192F7240BD6A900CE8B68 /* PostTextTableViewCell.swift in Sources */,
				FC5192E3240BCA9E00CE8B68 /* UserInfoViewModel.swift in Sources */,
				FCFF03EC24089A06008D88E8 /* PostImagesTableViewCell.swift in Sources */,
				FCA2C227240A39B00025A431 /* UserInfoPageTableViewController.swift in Sources */,
				FC5192ED240BD35100CE8B68 /* ActionViewModel.swift in Sources */,
				FCA2C21E240A26970025A431 /* SearchPageTableViewController.swift in Sources */,
				FC9E4F8924074D7D00CDE36F /* HomePageTableViewController.swift in Sources */,
				FCFF040224092346008D88E8 /* PostImageViewModel.swift in Sources */,
				FCFF03FA24092083008D88E8 /* User.swift in Sources */,
			);
			runOnlyForDeploymentPostprocessing = 0;
		};
/* End PBXSourcesBuildPhase section */

/* Begin PBXVariantGroup section */
		FC951E15240603BC00665361 /* Main.storyboard */ = {
			isa = PBXVariantGroup;
			children = (
				FC951E16240603BC00665361 /* Base */,
			);
			name = Main.storyboard;
			sourceTree = "<group>";
		};
		FC951E1A240603BD00665361 /* LaunchScreen.storyboard */ = {
			isa = PBXVariantGroup;
			children = (
				FC951E1B240603BD00665361 /* Base */,
			);
			name = LaunchScreen.storyboard;
			sourceTree = "<group>";
		};
/* End PBXVariantGroup section */

/* Begin XCBuildConfiguration section */
		FC951E1E240603BD00665361 /* Debug */ = {
			isa = XCBuildConfiguration;
			buildSettings = {
				ALWAYS_SEARCH_USER_PATHS = NO;
				CLANG_ANALYZER_NONNULL = YES;
				CLANG_ANALYZER_NUMBER_OBJECT_CONVERSION = YES_AGGRESSIVE;
				CLANG_CXX_LANGUAGE_STANDARD = "gnu++14";
				CLANG_CXX_LIBRARY = "libc++";
				CLANG_ENABLE_MODULES = YES;
				CLANG_ENABLE_OBJC_ARC = YES;
				CLANG_ENABLE_OBJC_WEAK = YES;
				CLANG_WARN_BLOCK_CAPTURE_AUTORELEASING = YES;
				CLANG_WARN_BOOL_CONVERSION = YES;
				CLANG_WARN_COMMA = YES;
				CLANG_WARN_CONSTANT_CONVERSION = YES;
				CLANG_WARN_DEPRECATED_OBJC_IMPLEMENTATIONS = YES;
				CLANG_WARN_DIRECT_OBJC_ISA_USAGE = YES_ERROR;
				CLANG_WARN_DOCUMENTATION_COMMENTS = YES;
				CLANG_WARN_EMPTY_BODY = YES;
				CLANG_WARN_ENUM_CONVERSION = YES;
				CLANG_WARN_INFINITE_RECURSION = YES;
				CLANG_WARN_INT_CONVERSION = YES;
				CLANG_WARN_NON_LITERAL_NULL_CONVERSION = YES;
				CLANG_WARN_OBJC_IMPLICIT_RETAIN_SELF = YES;
				CLANG_WARN_OBJC_LITERAL_CONVERSION = YES;
				CLANG_WARN_OBJC_ROOT_CLASS = YES_ERROR;
				CLANG_WARN_RANGE_LOOP_ANALYSIS = YES;
				CLANG_WARN_STRICT_PROTOTYPES = YES;
				CLANG_WARN_SUSPICIOUS_MOVE = YES;
				CLANG_WARN_UNGUARDED_AVAILABILITY = YES_AGGRESSIVE;
				CLANG_WARN_UNREACHABLE_CODE = YES;
				CLANG_WARN__DUPLICATE_METHOD_MATCH = YES;
				COPY_PHASE_STRIP = NO;
				DEBUG_INFORMATION_FORMAT = dwarf;
				ENABLE_STRICT_OBJC_MSGSEND = YES;
				ENABLE_TESTABILITY = YES;
				GCC_C_LANGUAGE_STANDARD = gnu11;
				GCC_DYNAMIC_NO_PIC = NO;
				GCC_NO_COMMON_BLOCKS = YES;
				GCC_OPTIMIZATION_LEVEL = 0;
				GCC_PREPROCESSOR_DEFINITIONS = (
					"DEBUG=1",
					"$(inherited)",
				);
				GCC_WARN_64_TO_32_BIT_CONVERSION = YES;
				GCC_WARN_ABOUT_RETURN_TYPE = YES_ERROR;
				GCC_WARN_UNDECLARED_SELECTOR = YES;
				GCC_WARN_UNINITIALIZED_AUTOS = YES_AGGRESSIVE;
				GCC_WARN_UNUSED_FUNCTION = YES;
				GCC_WARN_UNUSED_VARIABLE = YES;
				IPHONEOS_DEPLOYMENT_TARGET = 13.2;
				MTL_ENABLE_DEBUG_INFO = INCLUDE_SOURCE;
				MTL_FAST_MATH = YES;
				ONLY_ACTIVE_ARCH = YES;
				SDKROOT = iphoneos;
				SWIFT_ACTIVE_COMPILATION_CONDITIONS = DEBUG;
				SWIFT_OPTIMIZATION_LEVEL = "-Onone";
			};
			name = Debug;
		};
		FC951E1F240603BD00665361 /* Release */ = {
			isa = XCBuildConfiguration;
			buildSettings = {
				ALWAYS_SEARCH_USER_PATHS = NO;
				CLANG_ANALYZER_NONNULL = YES;
				CLANG_ANALYZER_NUMBER_OBJECT_CONVERSION = YES_AGGRESSIVE;
				CLANG_CXX_LANGUAGE_STANDARD = "gnu++14";
				CLANG_CXX_LIBRARY = "libc++";
				CLANG_ENABLE_MODULES = YES;
				CLANG_ENABLE_OBJC_ARC = YES;
				CLANG_ENABLE_OBJC_WEAK = YES;
				CLANG_WARN_BLOCK_CAPTURE_AUTORELEASING = YES;
				CLANG_WARN_BOOL_CONVERSION = YES;
				CLANG_WARN_COMMA = YES;
				CLANG_WARN_CONSTANT_CONVERSION = YES;
				CLANG_WARN_DEPRECATED_OBJC_IMPLEMENTATIONS = YES;
				CLANG_WARN_DIRECT_OBJC_ISA_USAGE = YES_ERROR;
				CLANG_WARN_DOCUMENTATION_COMMENTS = YES;
				CLANG_WARN_EMPTY_BODY = YES;
				CLANG_WARN_ENUM_CONVERSION = YES;
				CLANG_WARN_INFINITE_RECURSION = YES;
				CLANG_WARN_INT_CONVERSION = YES;
				CLANG_WARN_NON_LITERAL_NULL_CONVERSION = YES;
				CLANG_WARN_OBJC_IMPLICIT_RETAIN_SELF = YES;
				CLANG_WARN_OBJC_LITERAL_CONVERSION = YES;
				CLANG_WARN_OBJC_ROOT_CLASS = YES_ERROR;
				CLANG_WARN_RANGE_LOOP_ANALYSIS = YES;
				CLANG_WARN_STRICT_PROTOTYPES = YES;
				CLANG_WARN_SUSPICIOUS_MOVE = YES;
				CLANG_WARN_UNGUARDED_AVAILABILITY = YES_AGGRESSIVE;
				CLANG_WARN_UNREACHABLE_CODE = YES;
				CLANG_WARN__DUPLICATE_METHOD_MATCH = YES;
				COPY_PHASE_STRIP = NO;
				DEBUG_INFORMATION_FORMAT = "dwarf-with-dsym";
				ENABLE_NS_ASSERTIONS = NO;
				ENABLE_STRICT_OBJC_MSGSEND = YES;
				GCC_C_LANGUAGE_STANDARD = gnu11;
				GCC_NO_COMMON_BLOCKS = YES;
				GCC_WARN_64_TO_32_BIT_CONVERSION = YES;
				GCC_WARN_ABOUT_RETURN_TYPE = YES_ERROR;
				GCC_WARN_UNDECLARED_SELECTOR = YES;
				GCC_WARN_UNINITIALIZED_AUTOS = YES_AGGRESSIVE;
				GCC_WARN_UNUSED_FUNCTION = YES;
				GCC_WARN_UNUSED_VARIABLE = YES;
				IPHONEOS_DEPLOYMENT_TARGET = 13.2;
				MTL_ENABLE_DEBUG_INFO = NO;
				MTL_FAST_MATH = YES;
				SDKROOT = iphoneos;
				SWIFT_COMPILATION_MODE = wholemodule;
				SWIFT_OPTIMIZATION_LEVEL = "-O";
				VALIDATE_PRODUCT = YES;
			};
			name = Release;
		};
		FC951E21240603BD00665361 /* Debug */ = {
			isa = XCBuildConfiguration;
			buildSettings = {
				ASSETCATALOG_COMPILER_APPICON_NAME = AppIcon;
				CODE_SIGN_STYLE = Automatic;
				INFOPLIST_FILE = FakeInstagram/Info.plist;
				LD_RUNPATH_SEARCH_PATHS = (
					"$(inherited)",
					"@executable_path/Frameworks",
				);
				PRODUCT_BUNDLE_IDENTIFIER = com.bing.FakeInstagram;
				PRODUCT_NAME = "$(TARGET_NAME)";
				SWIFT_VERSION = 5.0;
				TARGETED_DEVICE_FAMILY = "1,2";
			};
			name = Debug;
		};
		FC951E22240603BD00665361 /* Release */ = {
			isa = XCBuildConfiguration;
			buildSettings = {
				ASSETCATALOG_COMPILER_APPICON_NAME = AppIcon;
				CODE_SIGN_STYLE = Automatic;
				INFOPLIST_FILE = FakeInstagram/Info.plist;
				LD_RUNPATH_SEARCH_PATHS = (
					"$(inherited)",
					"@executable_path/Frameworks",
				);
				PRODUCT_BUNDLE_IDENTIFIER = com.bing.FakeInstagram;
				PRODUCT_NAME = "$(TARGET_NAME)";
				SWIFT_VERSION = 5.0;
				TARGETED_DEVICE_FAMILY = "1,2";
			};
			name = Release;
		};
/* End XCBuildConfiguration section */

/* Begin XCConfigurationList section */
		FC951E07240603BC00665361 /* Build configuration list for PBXProject "FakeInstagram" */ = {
			isa = XCConfigurationList;
			buildConfigurations = (
				FC951E1E240603BD00665361 /* Debug */,
				FC951E1F240603BD00665361 /* Release */,
			);
			defaultConfigurationIsVisible = 0;
			defaultConfigurationName = Release;
		};
		FC951E20240603BD00665361 /* Build configuration list for PBXNativeTarget "FakeInstagram" */ = {
			isa = XCConfigurationList;
			buildConfigurations = (
				FC951E21240603BD00665361 /* Debug */,
				FC951E22240603BD00665361 /* Release */,
			);
			defaultConfigurationIsVisible = 0;
			defaultConfigurationName = Release;
		};
/* End XCConfigurationList section */
	};
	rootObject = FC951E04240603BC00665361 /* Project object */;
}
